
Microsoft Visual Studio Solution File, Format Version 12.00
# Visual Studio Version 16
VisualStudioVersion = 16.0.30413.136
MinimumVisualStudioVersion = 10.0.40219.1
Project("{FAE04EC0-301F-11D3-BF4B-00C04F79EFBC}") = "Methodic.Acetone", "Methodic.Acetone\Methodic.Acetone.csproj", "{1EEED1D5-2B13-4936-B208-FB5E612E8493}"
EndProject
Project("{FAE04EC0-301F-11D3-BF4B-00C04F79EFBC}") = "Methodic.Acetone.Tests", "Methodic.Acetone.Tests\Methodic.Acetone.Tests.csproj", "{1557B151-DB92-4CE8-BAA0-010402456393}"
EndProject
Project("{2150E333-8FDC-42A3-9474-1A3956D46DE8}") = "Reference Assemblies", "Reference Assemblies", "{F926CD6F-72B2-44E2-BB21-4CA0EED9AF49}"
	ProjectSection(SolutionItems) = preProject
		Reference Assemblies\Microsoft\IIS\Microsoft.Web.Iis.Rewrite.dll = Reference Assemblies\Microsoft\IIS\Microsoft.Web.Iis.Rewrite.dll
		Reference Assemblies\Microsoft\IIS\Microsoft.Web.Management.Rewrite.Client.dll = Reference Assemblies\Microsoft\IIS\Microsoft.Web.Management.Rewrite.Client.dll
	EndProjectSection
EndProject
Global
	GlobalSection(SolutionConfigurationPlatforms) = preSolution
		Debug|Any CPU = Debug|Any CPU
		Debug|x64 = Debug|x64
		Release|Any CPU = Release|Any CPU
		Release|x64 = Release|x64
	EndGlobalSection
	GlobalSection(ProjectConfigurationPlatforms) = postSolution
		{1EEED1D5-2B13-4936-B208-FB5E612E8493}.Debug|Any CPU.ActiveCfg = Debug|Any CPU
		{1EEED1D5-2B13-4936-B208-FB5E612E8493}.Debug|Any CPU.Build.0 = Debug|Any CPU
		{1EEED1D5-2B13-4936-B208-FB5E612E8493}.Debug|x64.ActiveCfg = Debug|x64
		{1EEED1D5-2B13-4936-B208-FB5E612E8493}.Debug|x64.Build.0 = Debug|x64
		{1EEED1D5-2B13-4936-B208-FB5E612E8493}.Release|Any CPU.ActiveCfg = Release|Any CPU
		{1EEED1D5-2B13-4936-B208-FB5E612E8493}.Release|Any CPU.Build.0 = Release|Any CPU
		{1EEED1D5-2B13-4936-B208-FB5E612E8493}.Release|x64.ActiveCfg = Release|x64
		{1EEED1D5-2B13-4936-B208-FB5E612E8493}.Release|x64.Build.0 = Release|x64
		{1557B151-DB92-4CE8-BAA0-010402456393}.Debug|Any CPU.ActiveCfg = Debug|Any CPU
		{1557B151-DB92-4CE8-BAA0-010402456393}.Debug|Any CPU.Build.0 = Debug|Any CPU
		{1557B151-DB92-4CE8-BAA0-010402456393}.Debug|x64.ActiveCfg = Debug|x64
		{1557B151-DB92-4CE8-BAA0-010402456393}.Debug|x64.Build.0 = Debug|x64
		{1557B151-DB92-4CE8-BAA0-010402456393}.Release|Any CPU.ActiveCfg = Release|Any CPU
		{1557B151-DB92-4CE8-BAA0-010402456393}.Release|Any CPU.Build.0 = Release|Any CPU
		{1557B151-DB92-4CE8-BAA0-010402456393}.Release|x64.ActiveCfg = Release|x64
		{1557B151-DB92-4CE8-BAA0-010402456393}.Release|x64.Build.0 = Release|x64
	EndGlobalSection
	GlobalSection(SolutionProperties) = preSolution
		HideSolutionNode = FALSE
	EndGlobalSection
	GlobalSection(ExtensibilityGlobals) = postSolution
		SolutionGuid = {3871123B-C42F-4878-90FB-63A8F88672E6}
	EndGlobalSection
EndGlobal
