
Microsoft Visual Studio Solution File, Format Version 12.00
# Visual Studio Version 17
VisualStudioVersion = 17.0.31903.59
MinimumVisualStudioVersion = 10.0.40219.1
Project("{2150E333-8FDC-42A3-9474-1A3956D46DE8}") = "src", "src", "{827E0CD3-B72D-47B6-A68D-7590B98EB39B}"
EndProject
Project("{FAE04EC0-301F-11D3-BF4B-00C04F79EFBC}") = "Acetone.V2.Core", "src\Acetone.V2.Core\Acetone.V2.Core.csproj", "{53920471-E989-4FBC-A889-4AA2CEDC6796}"
EndProject
Project("{2150E333-8FDC-42A3-9474-1A3956D46DE8}") = "tests", "tests", "{0AB3BF05-4346-4AA6-1389-037BE0695223}"
EndProject
Project("{FAE04EC0-301F-11D3-BF4B-00C04F79EFBC}") = "Acetone.V2.Core.Tests", "tests\Acetone.V2.Core.Tests\Acetone.V2.Core.Tests.csproj", "{174DB49C-DD30-44EC-9988-A68BF00446B5}"
EndProject
Project("{FAE04EC0-301F-11D3-BF4B-00C04F79EFBC}") = "Acetone.V2.Proxy", "src\Acetone.V2.Proxy\Acetone.V2.Proxy.csproj", "{D02DE634-2710-4CD1-B19A-5E1F66B42086}"
EndProject
Project("{FAE04EC0-301F-11D3-BF4B-00C04F79EFBC}") = "Acetone.V2.Proxy.Tests", "tests\Acetone.V2.Proxy.Tests\Acetone.V2.Proxy.Tests.csproj", "{1CC94770-5A81-4302-97C2-B1FCD8D2B796}"
EndProject
Project("{FAE04EC0-301F-11D3-BF4B-00C04F79EFBC}") = "Acetone.V2.Performance", "tests\Acetone.V2.Performance\Acetone.V2.Performance.csproj", "{750CE92B-D297-4DA9-9D6F-E3616EBA2FF9}"
EndProject
Global
	GlobalSection(SolutionConfigurationPlatforms) = preSolution
		Debug|Any CPU = Debug|Any CPU
		Debug|x64 = Debug|x64
		Debug|x86 = Debug|x86
		Release|Any CPU = Release|Any CPU
		Release|x64 = Release|x64
		Release|x86 = Release|x86
	EndGlobalSection
	GlobalSection(ProjectConfigurationPlatforms) = postSolution
		{53920471-E989-4FBC-A889-4AA2CEDC6796}.Debug|Any CPU.ActiveCfg = Debug|Any CPU
		{53920471-E989-4FBC-A889-4AA2CEDC6796}.Debug|Any CPU.Build.0 = Debug|Any CPU
		{53920471-E989-4FBC-A889-4AA2CEDC6796}.Debug|x64.ActiveCfg = Debug|Any CPU
		{53920471-E989-4FBC-A889-4AA2CEDC6796}.Debug|x64.Build.0 = Debug|Any CPU
		{53920471-E989-4FBC-A889-4AA2CEDC6796}.Debug|x86.ActiveCfg = Debug|Any CPU
		{53920471-E989-4FBC-A889-4AA2CEDC6796}.Debug|x86.Build.0 = Debug|Any CPU
		{53920471-E989-4FBC-A889-4AA2CEDC6796}.Release|Any CPU.ActiveCfg = Release|Any CPU
		{53920471-E989-4FBC-A889-4AA2CEDC6796}.Release|Any CPU.Build.0 = Release|Any CPU
		{53920471-E989-4FBC-A889-4AA2CEDC6796}.Release|x64.ActiveCfg = Release|Any CPU
		{53920471-E989-4FBC-A889-4AA2CEDC6796}.Release|x64.Build.0 = Release|Any CPU
		{53920471-E989-4FBC-A889-4AA2CEDC6796}.Release|x86.ActiveCfg = Release|Any CPU
		{53920471-E989-4FBC-A889-4AA2CEDC6796}.Release|x86.Build.0 = Release|Any CPU
		{174DB49C-DD30-44EC-9988-A68BF00446B5}.Debug|Any CPU.ActiveCfg = Debug|Any CPU
		{174DB49C-DD30-44EC-9988-A68BF00446B5}.Debug|Any CPU.Build.0 = Debug|Any CPU
		{174DB49C-DD30-44EC-9988-A68BF00446B5}.Debug|x64.ActiveCfg = Debug|Any CPU
		{174DB49C-DD30-44EC-9988-A68BF00446B5}.Debug|x64.Build.0 = Debug|Any CPU
		{174DB49C-DD30-44EC-9988-A68BF00446B5}.Debug|x86.ActiveCfg = Debug|Any CPU
		{174DB49C-DD30-44EC-9988-A68BF00446B5}.Debug|x86.Build.0 = Debug|Any CPU
		{174DB49C-DD30-44EC-9988-A68BF00446B5}.Release|Any CPU.ActiveCfg = Release|Any CPU
		{174DB49C-DD30-44EC-9988-A68BF00446B5}.Release|Any CPU.Build.0 = Release|Any CPU
		{174DB49C-DD30-44EC-9988-A68BF00446B5}.Release|x64.ActiveCfg = Release|Any CPU
		{174DB49C-DD30-44EC-9988-A68BF00446B5}.Release|x64.Build.0 = Release|Any CPU
		{174DB49C-DD30-44EC-9988-A68BF00446B5}.Release|x86.ActiveCfg = Release|Any CPU
		{174DB49C-DD30-44EC-9988-A68BF00446B5}.Release|x86.Build.0 = Release|Any CPU
		{D02DE634-2710-4CD1-B19A-5E1F66B42086}.Debug|Any CPU.ActiveCfg = Debug|Any CPU
		{D02DE634-2710-4CD1-B19A-5E1F66B42086}.Debug|Any CPU.Build.0 = Debug|Any CPU
		{D02DE634-2710-4CD1-B19A-5E1F66B42086}.Debug|x64.ActiveCfg = Debug|Any CPU
		{D02DE634-2710-4CD1-B19A-5E1F66B42086}.Debug|x64.Build.0 = Debug|Any CPU
		{D02DE634-2710-4CD1-B19A-5E1F66B42086}.Debug|x86.ActiveCfg = Debug|Any CPU
		{D02DE634-2710-4CD1-B19A-5E1F66B42086}.Debug|x86.Build.0 = Debug|Any CPU
		{D02DE634-2710-4CD1-B19A-5E1F66B42086}.Release|Any CPU.ActiveCfg = Release|Any CPU
		{D02DE634-2710-4CD1-B19A-5E1F66B42086}.Release|Any CPU.Build.0 = Release|Any CPU
		{D02DE634-2710-4CD1-B19A-5E1F66B42086}.Release|x64.ActiveCfg = Release|Any CPU
		{D02DE634-2710-4CD1-B19A-5E1F66B42086}.Release|x64.Build.0 = Release|Any CPU
		{D02DE634-2710-4CD1-B19A-5E1F66B42086}.Release|x86.ActiveCfg = Release|Any CPU
		{D02DE634-2710-4CD1-B19A-5E1F66B42086}.Release|x86.Build.0 = Release|Any CPU
		{1CC94770-5A81-4302-97C2-B1FCD8D2B796}.Debug|Any CPU.ActiveCfg = Debug|Any CPU
		{1CC94770-5A81-4302-97C2-B1FCD8D2B796}.Debug|Any CPU.Build.0 = Debug|Any CPU
		{1CC94770-5A81-4302-97C2-B1FCD8D2B796}.Debug|x64.ActiveCfg = Debug|Any CPU
		{1CC94770-5A81-4302-97C2-B1FCD8D2B796}.Debug|x64.Build.0 = Debug|Any CPU
		{1CC94770-5A81-4302-97C2-B1FCD8D2B796}.Debug|x86.ActiveCfg = Debug|Any CPU
		{1CC94770-5A81-4302-97C2-B1FCD8D2B796}.Debug|x86.Build.0 = Debug|Any CPU
		{1CC94770-5A81-4302-97C2-B1FCD8D2B796}.Release|Any CPU.ActiveCfg = Release|Any CPU
		{1CC94770-5A81-4302-97C2-B1FCD8D2B796}.Release|Any CPU.Build.0 = Release|Any CPU
		{1CC94770-5A81-4302-97C2-B1FCD8D2B796}.Release|x64.ActiveCfg = Release|Any CPU
		{1CC94770-5A81-4302-97C2-B1FCD8D2B796}.Release|x64.Build.0 = Release|Any CPU
		{1CC94770-5A81-4302-97C2-B1FCD8D2B796}.Release|x86.ActiveCfg = Release|Any CPU
		{1CC94770-5A81-4302-97C2-B1FCD8D2B796}.Release|x86.Build.0 = Release|Any CPU
		{750CE92B-D297-4DA9-9D6F-E3616EBA2FF9}.Debug|Any CPU.ActiveCfg = Debug|Any CPU
		{750CE92B-D297-4DA9-9D6F-E3616EBA2FF9}.Debug|Any CPU.Build.0 = Debug|Any CPU
		{750CE92B-D297-4DA9-9D6F-E3616EBA2FF9}.Debug|x64.ActiveCfg = Debug|Any CPU
		{750CE92B-D297-4DA9-9D6F-E3616EBA2FF9}.Debug|x64.Build.0 = Debug|Any CPU
		{750CE92B-D297-4DA9-9D6F-E3616EBA2FF9}.Debug|x86.ActiveCfg = Debug|Any CPU
		{750CE92B-D297-4DA9-9D6F-E3616EBA2FF9}.Debug|x86.Build.0 = Debug|Any CPU
		{750CE92B-D297-4DA9-9D6F-E3616EBA2FF9}.Release|Any CPU.ActiveCfg = Release|Any CPU
		{750CE92B-D297-4DA9-9D6F-E3616EBA2FF9}.Release|Any CPU.Build.0 = Release|Any CPU
		{750CE92B-D297-4DA9-9D6F-E3616EBA2FF9}.Release|x64.ActiveCfg = Release|Any CPU
		{750CE92B-D297-4DA9-9D6F-E3616EBA2FF9}.Release|x64.Build.0 = Release|Any CPU
		{750CE92B-D297-4DA9-9D6F-E3616EBA2FF9}.Release|x86.ActiveCfg = Release|Any CPU
		{750CE92B-D297-4DA9-9D6F-E3616EBA2FF9}.Release|x86.Build.0 = Release|Any CPU
	EndGlobalSection
	GlobalSection(SolutionProperties) = preSolution
		HideSolutionNode = FALSE
	EndGlobalSection
	GlobalSection(NestedProjects) = preSolution
		{53920471-E989-4FBC-A889-4AA2CEDC6796} = {827E0CD3-B72D-47B6-A68D-7590B98EB39B}
		{174DB49C-DD30-44EC-9988-A68BF00446B5} = {0AB3BF05-4346-4AA6-1389-037BE0695223}
		{D02DE634-2710-4CD1-B19A-5E1F66B42086} = {827E0CD3-B72D-47B6-A68D-7590B98EB39B}
		{1CC94770-5A81-4302-97C2-B1FCD8D2B796} = {0AB3BF05-4346-4AA6-1389-037BE0695223}
		{750CE92B-D297-4DA9-9D6F-E3616EBA2FF9} = {0AB3BF05-4346-4AA6-1389-037BE0695223}
	EndGlobalSection
EndGlobal
